// !$*UTF8*$!
{
	archiveVersion = 1;
	classes = {
	};
	objectVersion = 50;
	objects = {

/* Begin PBXBuildFile section */
		E3255BD62059E94E009C8834 /* ChronologicalQuotesViewController.swift in Sources */ = {isa = PBXBuildFile; fileRef = E3255BD52059E94E009C8834 /* ChronologicalQuotesViewController.swift */; };
		E3255BD92059EE3F009C8834 /* Quote.swift in Sources */ = {isa = PBXBuildFile; fileRef = E3255BD82059EE3F009C8834 /* Quote.swift */; };
		E327FCFC20608EE900684BD8 /* QuotesCache.swift in Sources */ = {isa = PBXBuildFile; fileRef = E327FCFB20608EE900684BD8 /* QuotesCache.swift */; };
		E327FCFE2060913700684BD8 /* TabBarControllerDelegate.swift in Sources */ = {isa = PBXBuildFile; fileRef = E327FCFD2060913700684BD8 /* TabBarControllerDelegate.swift */; };
		E33B5E17204CACDE00020631 /* AppDelegate.swift in Sources */ = {isa = PBXBuildFile; fileRef = E33B5E16204CACDE00020631 /* AppDelegate.swift */; };
		E33B5E19204CACDE00020631 /* QuotesTableViewController.swift in Sources */ = {isa = PBXBuildFile; fileRef = E33B5E18204CACDE00020631 /* QuotesTableViewController.swift */; };
		E33B5E1B204CACDE00020631 /* CreateQuoteViewController.swift in Sources */ = {isa = PBXBuildFile; fileRef = E33B5E1A204CACDE00020631 /* CreateQuoteViewController.swift */; };
		E33B5E1E204CACDE00020631 /* Main.storyboard in Resources */ = {isa = PBXBuildFile; fileRef = E33B5E1C204CACDE00020631 /* Main.storyboard */; };
		E33B5E20204CACDF00020631 /* Assets.xcassets in Resources */ = {isa = PBXBuildFile; fileRef = E33B5E1F204CACDF00020631 /* Assets.xcassets */; };
		E33B5E23204CACDF00020631 /* LaunchScreen.storyboard in Resources */ = {isa = PBXBuildFile; fileRef = E33B5E21204CACDF00020631 /* LaunchScreen.storyboard */; };
		E33B5E2E204CACE000020631 /* QuoTests.swift in Sources */ = {isa = PBXBuildFile; fileRef = E33B5E2D204CACE000020631 /* QuoTests.swift */; };
		E347A7BB2089557B004F2DCF /* Colors.xcassets in Resources */ = {isa = PBXBuildFile; fileRef = E347A7BA2089557B004F2DCF /* Colors.xcassets */; };
		E37BCFA12050CA3000449B6D /* QuoteCell.swift in Sources */ = {isa = PBXBuildFile; fileRef = E37BCFA02050CA3000449B6D /* QuoteCell.swift */; };
		E37CAD9B208EA1C400EFB0DE /* UITextViewPlaceholder.swift in Sources */ = {isa = PBXBuildFile; fileRef = E37CAD9A208EA1C400EFB0DE /* UITextViewPlaceholder.swift */; };
/* End PBXBuildFile section */

/* Begin PBXContainerItemProxy section */
		E33B5E2A204CACE000020631 /* PBXContainerItemProxy */ = {
			isa = PBXContainerItemProxy;
			containerPortal = E33B5E0B204CACDE00020631 /* Project object */;
			proxyType = 1;
			remoteGlobalIDString = E33B5E12204CACDE00020631;
			remoteInfo = Quo;
		};
/* End PBXContainerItemProxy section */

/* Begin PBXFileReference section */
		E3255BD52059E94E009C8834 /* ChronologicalQuotesViewController.swift */ = {isa = PBXFileReference; lastKnownFileType = sourcecode.swift; path = ChronologicalQuotesViewController.swift; sourceTree = "<group>"; };
		E3255BD82059EE3F009C8834 /* Quote.swift */ = {isa = PBXFileReference; lastKnownFileType = sourcecode.swift; path = Quote.swift; sourceTree = "<group>"; };
		E327FCFB20608EE900684BD8 /* QuotesCache.swift */ = {isa = PBXFileReference; lastKnownFileType = sourcecode.swift; path = QuotesCache.swift; sourceTree = "<group>"; };
		E327FCFD2060913700684BD8 /* TabBarControllerDelegate.swift */ = {isa = PBXFileReference; lastKnownFileType = sourcecode.swift; path = TabBarControllerDelegate.swift; sourceTree = "<group>"; };
		E33B5E13204CACDE00020631 /* Quo.app */ = {isa = PBXFileReference; explicitFileType = wrapper.application; includeInIndex = 0; path = Quo.app; sourceTree = BUILT_PRODUCTS_DIR; };
		E33B5E16204CACDE00020631 /* AppDelegate.swift */ = {isa = PBXFileReference; lastKnownFileType = sourcecode.swift; path = AppDelegate.swift; sourceTree = "<group>"; };
		E33B5E18204CACDE00020631 /* QuotesTableViewController.swift */ = {isa = PBXFileReference; lastKnownFileType = sourcecode.swift; path = QuotesTableViewController.swift; sourceTree = "<group>"; };
		E33B5E1A204CACDE00020631 /* CreateQuoteViewController.swift */ = {isa = PBXFileReference; lastKnownFileType = sourcecode.swift; path = CreateQuoteViewController.swift; sourceTree = "<group>"; };
		E33B5E1D204CACDE00020631 /* Base */ = {isa = PBXFileReference; lastKnownFileType = file.storyboard; name = Base; path = Base.lproj/Main.storyboard; sourceTree = "<group>"; };
		E33B5E1F204CACDF00020631 /* Assets.xcassets */ = {isa = PBXFileReference; lastKnownFileType = folder.assetcatalog; path = Assets.xcassets; sourceTree = "<group>"; };
		E33B5E22204CACDF00020631 /* Base */ = {isa = PBXFileReference; lastKnownFileType = file.storyboard; name = Base; path = Base.lproj/LaunchScreen.storyboard; sourceTree = "<group>"; };
		E33B5E24204CACE000020631 /* Info.plist */ = {isa = PBXFileReference; lastKnownFileType = text.plist.xml; path = Info.plist; sourceTree = "<group>"; };
		E33B5E29204CACE000020631 /* QuoTests.xctest */ = {isa = PBXFileReference; explicitFileType = wrapper.cfbundle; includeInIndex = 0; path = QuoTests.xctest; sourceTree = BUILT_PRODUCTS_DIR; };
		E33B5E2D204CACE000020631 /* QuoTests.swift */ = {isa = PBXFileReference; lastKnownFileType = sourcecode.swift; path = QuoTests.swift; sourceTree = "<group>"; };
		E33B5E2F204CACE000020631 /* Info.plist */ = {isa = PBXFileReference; lastKnownFileType = text.plist.xml; path = Info.plist; sourceTree = "<group>"; };
		E347A7BA2089557B004F2DCF /* Colors.xcassets */ = {isa = PBXFileReference; lastKnownFileType = folder.assetcatalog; path = Colors.xcassets; sourceTree = "<group>"; };
		E37BCFA02050CA3000449B6D /* QuoteCell.swift */ = {isa = PBXFileReference; lastKnownFileType = sourcecode.swift; path = QuoteCell.swift; sourceTree = "<group>"; };
		E37CAD9A208EA1C400EFB0DE /* UITextViewPlaceholder.swift */ = {isa = PBXFileReference; lastKnownFileType = sourcecode.swift; path = UITextViewPlaceholder.swift; sourceTree = "<group>"; };
/* End PBXFileReference section */

/* Begin PBXFrameworksBuildPhase section */
		E33B5E10204CACDE00020631 /* Frameworks */ = {
			isa = PBXFrameworksBuildPhase;
			buildActionMask = 2147483647;
			files = (
			);
			runOnlyForDeploymentPostprocessing = 0;
		};
		E33B5E26204CACE000020631 /* Frameworks */ = {
			isa = PBXFrameworksBuildPhase;
			buildActionMask = 2147483647;
			files = (
			);
			runOnlyForDeploymentPostprocessing = 0;
		};
/* End PBXFrameworksBuildPhase section */

/* Begin PBXGroup section */
		E33B5E0A204CACDE00020631 = {
			isa = PBXGroup;
			children = (
				E33B5E15204CACDE00020631 /* Quo */,
				E33B5E2C204CACE000020631 /* QuoTests */,
				E33B5E14204CACDE00020631 /* Products */,
			);
			sourceTree = "<group>";
		};
		E33B5E14204CACDE00020631 /* Products */ = {
			isa = PBXGroup;
			children = (
				E33B5E13204CACDE00020631 /* Quo.app */,
				E33B5E29204CACE000020631 /* QuoTests.xctest */,
			);
			name = Products;
			sourceTree = "<group>";
		};
		E33B5E15204CACDE00020631 /* Quo */ = {
			isa = PBXGroup;
			children = (
				E33B5E16204CACDE00020631 /* AppDelegate.swift */,
				E327FCFD2060913700684BD8 /* TabBarControllerDelegate.swift */,
				E3255BD52059E94E009C8834 /* ChronologicalQuotesViewController.swift */,
				E33B5E18204CACDE00020631 /* QuotesTableViewController.swift */,
				E33B5E1A204CACDE00020631 /* CreateQuoteViewController.swift */,
				E3255BD82059EE3F009C8834 /* Quote.swift */,
				E33B5E1C204CACDE00020631 /* Main.storyboard */,
				E37BCFA02050CA3000449B6D /* QuoteCell.swift */,
				E327FCFB20608EE900684BD8 /* QuotesCache.swift */,
				E37CAD9A208EA1C400EFB0DE /* UITextViewPlaceholder.swift */,
				E33B5E1F204CACDF00020631 /* Assets.xcassets */,
				E347A7BA2089557B004F2DCF /* Colors.xcassets */,
				E33B5E21204CACDF00020631 /* LaunchScreen.storyboard */,
				E33B5E24204CACE000020631 /* Info.plist */,
			);
			path = Quo;
			sourceTree = "<group>";
		};
		E33B5E2C204CACE000020631 /* QuoTests */ = {
			isa = PBXGroup;
			children = (
				E33B5E2D204CACE000020631 /* QuoTests.swift */,
				E33B5E2F204CACE000020631 /* Info.plist */,
			);
			path = QuoTests;
			sourceTree = "<group>";
		};
/* End PBXGroup section */

/* Begin PBXNativeTarget section */
		E33B5E12204CACDE00020631 /* Quo */ = {
			isa = PBXNativeTarget;
			buildConfigurationList = E33B5E32204CACE000020631 /* Build configuration list for PBXNativeTarget "Quo" */;
			buildPhases = (
				E33B5E0F204CACDE00020631 /* Sources */,
				E33B5E10204CACDE00020631 /* Frameworks */,
				E33B5E11204CACDE00020631 /* Resources */,
			);
			buildRules = (
			);
			dependencies = (
			);
			name = Quo;
			productName = Quo;
			productReference = E33B5E13204CACDE00020631 /* Quo.app */;
			productType = "com.apple.product-type.application";
		};
		E33B5E28204CACE000020631 /* QuoTests */ = {
			isa = PBXNativeTarget;
			buildConfigurationList = E33B5E35204CACE000020631 /* Build configuration list for PBXNativeTarget "QuoTests" */;
			buildPhases = (
				E33B5E25204CACE000020631 /* Sources */,
				E33B5E26204CACE000020631 /* Frameworks */,
				E33B5E27204CACE000020631 /* Resources */,
			);
			buildRules = (
			);
			dependencies = (
				E33B5E2B204CACE000020631 /* PBXTargetDependency */,
			);
			name = QuoTests;
			productName = QuoTests;
			productReference = E33B5E29204CACE000020631 /* QuoTests.xctest */;
			productType = "com.apple.product-type.bundle.unit-test";
		};
/* End PBXNativeTarget section */

/* Begin PBXProject section */
		E33B5E0B204CACDE00020631 /* Project object */ = {
			isa = PBXProject;
			attributes = {
				LastSwiftUpdateCheck = 0930;
				LastUpgradeCheck = 0930;
				TargetAttributes = {
					E33B5E12204CACDE00020631 = {
						CreatedOnToolsVersion = 9.3;
					};
					E33B5E28204CACE000020631 = {
						CreatedOnToolsVersion = 9.3;
						TestTargetID = E33B5E12204CACDE00020631;
					};
				};
			};
			buildConfigurationList = E33B5E0E204CACDE00020631 /* Build configuration list for PBXProject "Quo" */;
			compatibilityVersion = "Xcode 9.3";
			developmentRegion = en;
			hasScannedForEncodings = 0;
			knownRegions = (
				en,
				Base,
			);
			mainGroup = E33B5E0A204CACDE00020631;
			productRefGroup = E33B5E14204CACDE00020631 /* Products */;
			projectDirPath = "";
			projectRoot = "";
			targets = (
				E33B5E12204CACDE00020631 /* Quo */,
				E33B5E28204CACE000020631 /* QuoTests */,
			);
		};
/* End PBXProject section */

/* Begin PBXResourcesBuildPhase section */
		E33B5E11204CACDE00020631 /* Resources */ = {
			isa = PBXResourcesBuildPhase;
			buildActionMask = 2147483647;
			files = (
				E33B5E23204CACDF00020631 /* LaunchScreen.storyboard in Resources */,
				E347A7BB2089557B004F2DCF /* Colors.xcassets in Resources */,
				E33B5E20204CACDF00020631 /* Assets.xcassets in Resources */,
				E33B5E1E204CACDE00020631 /* Main.storyboard in Resources */,
			);
			runOnlyForDeploymentPostprocessing = 0;
		};
		E33B5E27204CACE000020631 /* Resources */ = {
			isa = PBXResourcesBuildPhase;
			buildActionMask = 2147483647;
			files = (
			);
			runOnlyForDeploymentPostprocessing = 0;
		};
/* End PBXResourcesBuildPhase section */

/* Begin PBXSourcesBuildPhase section */
		E33B5E0F204CACDE00020631 /* Sources */ = {
			isa = PBXSourcesBuildPhase;
			buildActionMask = 2147483647;
			files = (
				E3255BD62059E94E009C8834 /* ChronologicalQuotesViewController.swift in Sources */,
				E327FCFE2060913700684BD8 /* TabBarControllerDelegate.swift in Sources */,
				E33B5E1B204CACDE00020631 /* CreateQuoteViewController.swift in Sources */,
				E37CAD9B208EA1C400EFB0DE /* UITextViewPlaceholder.swift in Sources */,
				E37BCFA12050CA3000449B6D /* QuoteCell.swift in Sources */,
				E33B5E17204CACDE00020631 /* AppDelegate.swift in Sources */,
				E327FCFC20608EE900684BD8 /* QuotesCache.swift in Sources */,
				E3255BD92059EE3F009C8834 /* Quote.swift in Sources */,
				E33B5E19204CACDE00020631 /* QuotesTableViewController.swift in Sources */,
			);
			runOnlyForDeploymentPostprocessing = 0;
		};
		E33B5E25204CACE000020631 /* Sources */ = {
			isa = PBXSourcesBuildPhase;
			buildActionMask = 2147483647;
			files = (
				E33B5E2E204CACE000020631 /* QuoTests.swift in Sources */,
			);
			runOnlyForDeploymentPostprocessing = 0;
		};
/* End PBXSourcesBuildPhase section */

/* Begin PBXTargetDependency section */
		E33B5E2B204CACE000020631 /* PBXTargetDependency */ = {
			isa = PBXTargetDependency;
			target = E33B5E12204CACDE00020631 /* Quo */;
			targetProxy = E33B5E2A204CACE000020631 /* PBXContainerItemProxy */;
		};
/* End PBXTargetDependency section */

/* Begin PBXVariantGroup section */
		E33B5E1C204CACDE00020631 /* Main.storyboard */ = {
			isa = PBXVariantGroup;
			children = (
				E33B5E1D204CACDE00020631 /* Base */,
			);
			name = Main.storyboard;
			sourceTree = "<group>";
		};
		E33B5E21204CACDF00020631 /* LaunchScreen.storyboard */ = {
			isa = PBXVariantGroup;
			children = (
				E33B5E22204CACDF00020631 /* Base */,
			);
			name = LaunchScreen.storyboard;
			sourceTree = "<group>";
		};
/* End PBXVariantGroup section */

/* Begin XCBuildConfiguration section */
		E33B5E30204CACE000020631 /* Debug */ = {
			isa = XCBuildConfiguration;
			buildSettings = {
				ALWAYS_SEARCH_USER_PATHS = NO;
				CLANG_ANALYZER_NONNULL = YES;
				CLANG_ANALYZER_NUMBER_OBJECT_CONVERSION = YES_AGGRESSIVE;
				CLANG_CXX_LANGUAGE_STANDARD = "gnu++14";
				CLANG_CXX_LIBRARY = "libc++";
				CLANG_ENABLE_MODULES = YES;
				CLANG_ENABLE_OBJC_ARC = YES;
				CLANG_ENABLE_OBJC_WEAK = YES;
				CLANG_WARN_BLOCK_CAPTURE_AUTORELEASING = YES;
				CLANG_WARN_BOOL_CONVERSION = YES;
				CLANG_WARN_COMMA = YES;
				CLANG_WARN_CONSTANT_CONVERSION = YES;
				CLANG_WARN_DEPRECATED_OBJC_IMPLEMENTATIONS = YES;
				CLANG_WARN_DIRECT_OBJC_ISA_USAGE = YES_ERROR;
				CLANG_WARN_DOCUMENTATION_COMMENTS = YES;
				CLANG_WARN_EMPTY_BODY = YES;
				CLANG_WARN_ENUM_CONVERSION = YES;
				CLANG_WARN_INFINITE_RECURSION = YES;
				CLANG_WARN_INT_CONVERSION = YES;
				CLANG_WARN_NON_LITERAL_NULL_CONVERSION = YES;
				CLANG_WARN_OBJC_IMPLICIT_RETAIN_SELF = YES;
				CLANG_WARN_OBJC_LITERAL_CONVERSION = YES;
				CLANG_WARN_OBJC_ROOT_CLASS = YES_ERROR;
				CLANG_WARN_RANGE_LOOP_ANALYSIS = YES;
				CLANG_WARN_STRICT_PROTOTYPES = YES;
				CLANG_WARN_SUSPICIOUS_MOVE = YES;
				CLANG_WARN_UNGUARDED_AVAILABILITY = YES_AGGRESSIVE;
				CLANG_WARN_UNREACHABLE_CODE = YES;
				CLANG_WARN__DUPLICATE_METHOD_MATCH = YES;
				CODE_SIGN_IDENTITY = "iPhone Developer";
				COPY_PHASE_STRIP = NO;
				DEBUG_INFORMATION_FORMAT = dwarf;
				ENABLE_STRICT_OBJC_MSGSEND = YES;
				ENABLE_TESTABILITY = YES;
				GCC_C_LANGUAGE_STANDARD = gnu11;
				GCC_DYNAMIC_NO_PIC = NO;
				GCC_NO_COMMON_BLOCKS = YES;
				GCC_OPTIMIZATION_LEVEL = 0;
				GCC_PREPROCESSOR_DEFINITIONS = (
					"DEBUG=1",
					"$(inherited)",
				);
				GCC_WARN_64_TO_32_BIT_CONVERSION = YES;
				GCC_WARN_ABOUT_RETURN_TYPE = YES_ERROR;
				GCC_WARN_UNDECLARED_SELECTOR = YES;
				GCC_WARN_UNINITIALIZED_AUTOS = YES_AGGRESSIVE;
				GCC_WARN_UNUSED_FUNCTION = YES;
				GCC_WARN_UNUSED_VARIABLE = YES;
				IPHONEOS_DEPLOYMENT_TARGET = 11.3;
				MTL_ENABLE_DEBUG_INFO = YES;
				ONLY_ACTIVE_ARCH = YES;
				SDKROOT = iphoneos;
				SWIFT_ACTIVE_COMPILATION_CONDITIONS = DEBUG;
				SWIFT_OPTIMIZATION_LEVEL = "-Onone";
			};
			name = Debug;
		};
		E33B5E31204CACE000020631 /* Release */ = {
			isa = XCBuildConfiguration;
			buildSettings = {
				ALWAYS_SEARCH_USER_PATHS = NO;
				CLANG_ANALYZER_NONNULL = YES;
				CLANG_ANALYZER_NUMBER_OBJECT_CONVERSION = YES_AGGRESSIVE;
				CLANG_CXX_LANGUAGE_STANDARD = "gnu++14";
				CLANG_CXX_LIBRARY = "libc++";
				CLANG_ENABLE_MODULES = YES;
				CLANG_ENABLE_OBJC_ARC = YES;
				CLANG_ENABLE_OBJC_WEAK = YES;
				CLANG_WARN_BLOCK_CAPTURE_AUTORELEASING = YES;
				CLANG_WARN_BOOL_CONVERSION = YES;
				CLANG_WARN_COMMA = YES;
				CLANG_WARN_CONSTANT_CONVERSION = YES;
				CLANG_WARN_DEPRECATED_OBJC_IMPLEMENTATIONS = YES;
				CLANG_WARN_DIRECT_OBJC_ISA_USAGE = YES_ERROR;
				CLANG_WARN_DOCUMENTATION_COMMENTS = YES;
				CLANG_WARN_EMPTY_BODY = YES;
				CLANG_WARN_ENUM_CONVERSION = YES;
				CLANG_WARN_INFINITE_RECURSION = YES;
				CLANG_WARN_INT_CONVERSION = YES;
				CLANG_WARN_NON_LITERAL_NULL_CONVERSION = YES;
				CLANG_WARN_OBJC_IMPLICIT_RETAIN_SELF = YES;
				CLANG_WARN_OBJC_LITERAL_CONVERSION = YES;
				CLANG_WARN_OBJC_ROOT_CLASS = YES_ERROR;
				CLANG_WARN_RANGE_LOOP_ANALYSIS = YES;
				CLANG_WARN_STRICT_PROTOTYPES = YES;
				CLANG_WARN_SUSPICIOUS_MOVE = YES;
				CLANG_WARN_UNGUARDED_AVAILABILITY = YES_AGGRESSIVE;
				CLANG_WARN_UNREACHABLE_CODE = YES;
				CLANG_WARN__DUPLICATE_METHOD_MATCH = YES;
				CODE_SIGN_IDENTITY = "iPhone Developer";
				COPY_PHASE_STRIP = NO;
				DEBUG_INFORMATION_FORMAT = "dwarf-with-dsym";
				ENABLE_NS_ASSERTIONS = NO;
				ENABLE_STRICT_OBJC_MSGSEND = YES;
				GCC_C_LANGUAGE_STANDARD = gnu11;
				GCC_NO_COMMON_BLOCKS = YES;
				GCC_WARN_64_TO_32_BIT_CONVERSION = YES;
				GCC_WARN_ABOUT_RETURN_TYPE = YES_ERROR;
				GCC_WARN_UNDECLARED_SELECTOR = YES;
				GCC_WARN_UNINITIALIZED_AUTOS = YES_AGGRESSIVE;
				GCC_WARN_UNUSED_FUNCTION = YES;
				GCC_WARN_UNUSED_VARIABLE = YES;
				IPHONEOS_DEPLOYMENT_TARGET = 11.3;
				MTL_ENABLE_DEBUG_INFO = NO;
				SDKROOT = iphoneos;
				SWIFT_COMPILATION_MODE = wholemodule;
				SWIFT_OPTIMIZATION_LEVEL = "-O";
				VALIDATE_PRODUCT = YES;
			};
			name = Release;
		};
		E33B5E33204CACE000020631 /* Debug */ = {
			isa = XCBuildConfiguration;
			buildSettings = {
				ASSETCATALOG_COMPILER_APPICON_NAME = AppIcon;
				CODE_SIGN_STYLE = Automatic;
				DEVELOPMENT_TEAM = H9SGNCYA74;
				INFOPLIST_FILE = Quo/Info.plist;
				LD_RUNPATH_SEARCH_PATHS = (
					"$(inherited)",
					"@executable_path/Frameworks",
				);
				PRODUCT_BUNDLE_IDENTIFIER = com.federicotrimboli.quo;
				PRODUCT_NAME = "$(TARGET_NAME)";
				SWIFT_VERSION = 4.0;
				TARGETED_DEVICE_FAMILY = "1,2";
			};
			name = Debug;
		};
		E33B5E34204CACE000020631 /* Release */ = {
			isa = XCBuildConfiguration;
			buildSettings = {
				ASSETCATALOG_COMPILER_APPICON_NAME = AppIcon;
				CODE_SIGN_STYLE = Automatic;
				DEVELOPMENT_TEAM = H9SGNCYA74;
				INFOPLIST_FILE = Quo/Info.plist;
				LD_RUNPATH_SEARCH_PATHS = (
					"$(inherited)",
					"@executable_path/Frameworks",
				);
				PRODUCT_BUNDLE_IDENTIFIER = com.federicotrimboli.quo;
				PRODUCT_NAME = "$(TARGET_NAME)";
				SWIFT_VERSION = 4.0;
				TARGETED_DEVICE_FAMILY = "1,2";
			};
			name = Release;
		};
		E33B5E36204CACE000020631 /* Debug */ = {
			isa = XCBuildConfiguration;
			buildSettings = {
				ALWAYS_EMBED_SWIFT_STANDARD_LIBRARIES = YES;
				BUNDLE_LOADER = "$(TEST_HOST)";
				CODE_SIGN_STYLE = Automatic;
				DEVELOPMENT_TEAM = H9SGNCYA74;
				INFOPLIST_FILE = QuoTests/Info.plist;
				LD_RUNPATH_SEARCH_PATHS = (
					"$(inherited)",
					"@executable_path/Frameworks",
					"@loader_path/Frameworks",
				);
				PRODUCT_BUNDLE_IDENTIFIER = com.federicotrimboli.QuoTests;
				PRODUCT_NAME = "$(TARGET_NAME)";
				SWIFT_VERSION = 4.0;
				TARGETED_DEVICE_FAMILY = "1,2";
				TEST_HOST = "$(BUILT_PRODUCTS_DIR)/Quo.app/Quo";
			};
			name = Debug;
		};
		E33B5E37204CACE000020631 /* Release */ = {
			isa = XCBuildConfiguration;
			buildSettings = {
				ALWAYS_EMBED_SWIFT_STANDARD_LIBRARIES = YES;
				BUNDLE_LOADER = "$(TEST_HOST)";
				CODE_SIGN_STYLE = Automatic;
				DEVELOPMENT_TEAM = H9SGNCYA74;
				INFOPLIST_FILE = QuoTests/Info.plist;
				LD_RUNPATH_SEARCH_PATHS = (
					"$(inherited)",
					"@executable_path/Frameworks",
					"@loader_path/Frameworks",
				);
				PRODUCT_BUNDLE_IDENTIFIER = com.federicotrimboli.QuoTests;
				PRODUCT_NAME = "$(TARGET_NAME)";
				SWIFT_VERSION = 4.0;
				TARGETED_DEVICE_FAMILY = "1,2";
				TEST_HOST = "$(BUILT_PRODUCTS_DIR)/Quo.app/Quo";
			};
			name = Release;
		};
/* End XCBuildConfiguration section */

/* Begin XCConfigurationList section */
		E33B5E0E204CACDE00020631 /* Build configuration list for PBXProject "Quo" */ = {
			isa = XCConfigurationList;
			buildConfigurations = (
				E33B5E30204CACE000020631 /* Debug */,
				E33B5E31204CACE000020631 /* Release */,
			);
			defaultConfigurationIsVisible = 0;
			defaultConfigurationName = Release;
		};
		E33B5E32204CACE000020631 /* Build configuration list for PBXNativeTarget "Quo" */ = {
			isa = XCConfigurationList;
			buildConfigurations = (
				E33B5E33204CACE000020631 /* Debug */,
				E33B5E34204CACE000020631 /* Release */,
			);
			defaultConfigurationIsVisible = 0;
			defaultConfigurationName = Release;
		};
		E33B5E35204CACE000020631 /* Build configuration list for PBXNativeTarget "QuoTests" */ = {
			isa = XCConfigurationList;
			buildConfigurations = (
				E33B5E36204CACE000020631 /* Debug */,
				E33B5E37204CACE000020631 /* Release */,
			);
			defaultConfigurationIsVisible = 0;
			defaultConfigurationName = Release;
		};
/* End XCConfigurationList section */
	};
	rootObject = E33B5E0B204CACDE00020631 /* Project object */;
}
